
Microsoft Visual Studio Solution File, Format Version 12.00
# Visual Studio Version 17
VisualStudioVersion = 17.6.33723.286
MinimumVisualStudioVersion = 10.0.40219.1
Project("{FAE04EC0-301F-11D3-BF4B-00C04F79EFBC}") = "HomeApp.UWP", "HomeApp.UWP\HomeApp.UWP.csproj", "{B13215BE-A4CD-4677-AC33-AA72E5924931}"
EndProject
Project("{FAE04EC0-301F-11D3-BF4B-00C04F79EFBC}") = "HomeApp.Android", "HomeApp.Android\HomeApp.Android.csproj", "{109EA10E-0516-46C2-B606-A36C109C5883}"
EndProject
Project("{FAE04EC0-301F-11D3-BF4B-00C04F79EFBC}") = "HomeApp.iOS", "HomeApp.iOS\HomeApp.iOS.csproj", "{7D3B9A29-0C38-415D-9C1D-CFC7E726E93F}"
EndProject
Project("{FAE04EC0-301F-11D3-BF4B-00C04F79EFBC}") = "HomeApp", "HomeApp\HomeApp.csproj", "{55597E49-FE9B-416B-A628-C90B1953333D}"
EndProject
Global
	GlobalSection(SolutionConfigurationPlatforms) = preSolution
		Debug|Any CPU = Debug|Any CPU
		Debug|ARM = Debug|ARM
		Debug|iPhone = Debug|iPhone
		Debug|iPhoneSimulator = Debug|iPhoneSimulator
		Debug|x64 = Debug|x64
		Debug|x86 = Debug|x86
		Release|Any CPU = Release|Any CPU
		Release|ARM = Release|ARM
		Release|iPhone = Release|iPhone
		Release|iPhoneSimulator = Release|iPhoneSimulator
		Release|x64 = Release|x64
		Release|x86 = Release|x86
	EndGlobalSection
	GlobalSection(ProjectConfigurationPlatforms) = postSolution
		{B13215BE-A4CD-4677-AC33-AA72E5924931}.Debug|Any CPU.ActiveCfg = Debug|x64
		{B13215BE-A4CD-4677-AC33-AA72E5924931}.Debug|Any CPU.Build.0 = Debug|x64
		{B13215BE-A4CD-4677-AC33-AA72E5924931}.Debug|Any CPU.Deploy.0 = Debug|x64
		{B13215BE-A4CD-4677-AC33-AA72E5924931}.Debug|ARM.ActiveCfg = Debug|ARM
		{B13215BE-A4CD-4677-AC33-AA72E5924931}.Debug|ARM.Build.0 = Debug|ARM
		{B13215BE-A4CD-4677-AC33-AA72E5924931}.Debug|ARM.Deploy.0 = Debug|ARM
		{B13215BE-A4CD-4677-AC33-AA72E5924931}.Debug|iPhone.ActiveCfg = Debug|x64
		{B13215BE-A4CD-4677-AC33-AA72E5924931}.Debug|iPhone.Build.0 = Debug|x64
		{B13215BE-A4CD-4677-AC33-AA72E5924931}.Debug|iPhone.Deploy.0 = Debug|x64
		{B13215BE-A4CD-4677-AC33-AA72E5924931}.Debug|iPhoneSimulator.ActiveCfg = Debug|x64
		{B13215BE-A4CD-4677-AC33-AA72E5924931}.Debug|iPhoneSimulator.Build.0 = Debug|x64
		{B13215BE-A4CD-4677-AC33-AA72E5924931}.Debug|iPhoneSimulator.Deploy.0 = Debug|x64
		{B13215BE-A4CD-4677-AC33-AA72E5924931}.Debug|x64.ActiveCfg = Debug|x64
		{B13215BE-A4CD-4677-AC33-AA72E5924931}.Debug|x64.Build.0 = Debug|x64
		{B13215BE-A4CD-4677-AC33-AA72E5924931}.Debug|x64.Deploy.0 = Debug|x64
		{B13215BE-A4CD-4677-AC33-AA72E5924931}.Debug|x86.ActiveCfg = Debug|x86
		{B13215BE-A4CD-4677-AC33-AA72E5924931}.Debug|x86.Build.0 = Debug|x86
		{B13215BE-A4CD-4677-AC33-AA72E5924931}.Debug|x86.Deploy.0 = Debug|x86
		{B13215BE-A4CD-4677-AC33-AA72E5924931}.Release|Any CPU.ActiveCfg = Release|x64
		{B13215BE-A4CD-4677-AC33-AA72E5924931}.Release|Any CPU.Build.0 = Release|x64
		{B13215BE-A4CD-4677-AC33-AA72E5924931}.Release|Any CPU.Deploy.0 = Release|x64
		{B13215BE-A4CD-4677-AC33-AA72E5924931}.Release|ARM.ActiveCfg = Release|ARM
		{B13215BE-A4CD-4677-AC33-AA72E5924931}.Release|ARM.Build.0 = Release|ARM
		{B13215BE-A4CD-4677-AC33-AA72E5924931}.Release|ARM.Deploy.0 = Release|ARM
		{B13215BE-A4CD-4677-AC33-AA72E5924931}.Release|iPhone.ActiveCfg = Release|x64
		{B13215BE-A4CD-4677-AC33-AA72E5924931}.Release|iPhone.Build.0 = Release|x64
		{B13215BE-A4CD-4677-AC33-AA72E5924931}.Release|iPhone.Deploy.0 = Release|x64
		{B13215BE-A4CD-4677-AC33-AA72E5924931}.Release|iPhoneSimulator.ActiveCfg = Release|x64
		{B13215BE-A4CD-4677-AC33-AA72E5924931}.Release|iPhoneSimulator.Build.0 = Release|x64
		{B13215BE-A4CD-4677-AC33-AA72E5924931}.Release|iPhoneSimulator.Deploy.0 = Release|x64
		{B13215BE-A4CD-4677-AC33-AA72E5924931}.Release|x64.ActiveCfg = Release|x64
		{B13215BE-A4CD-4677-AC33-AA72E5924931}.Release|x64.Build.0 = Release|x64
		{B13215BE-A4CD-4677-AC33-AA72E5924931}.Release|x64.Deploy.0 = Release|x64
		{B13215BE-A4CD-4677-AC33-AA72E5924931}.Release|x86.ActiveCfg = Release|x86
		{B13215BE-A4CD-4677-AC33-AA72E5924931}.Release|x86.Build.0 = Release|x86
		{B13215BE-A4CD-4677-AC33-AA72E5924931}.Release|x86.Deploy.0 = Release|x86
		{109EA10E-0516-46C2-B606-A36C109C5883}.Debug|Any CPU.ActiveCfg = Debug|Any CPU
		{109EA10E-0516-46C2-B606-A36C109C5883}.Debug|Any CPU.Build.0 = Debug|Any CPU
		{109EA10E-0516-46C2-B606-A36C109C5883}.Debug|Any CPU.Deploy.0 = Debug|Any CPU
		{109EA10E-0516-46C2-B606-A36C109C5883}.Debug|ARM.ActiveCfg = Debug|Any CPU
		{109EA10E-0516-46C2-B606-A36C109C5883}.Debug|ARM.Build.0 = Debug|Any CPU
		{109EA10E-0516-46C2-B606-A36C109C5883}.Debug|ARM.Deploy.0 = Debug|Any CPU
		{109EA10E-0516-46C2-B606-A36C109C5883}.Debug|iPhone.ActiveCfg = Debug|Any CPU
		{109EA10E-0516-46C2-B606-A36C109C5883}.Debug|iPhone.Build.0 = Debug|Any CPU
		{109EA10E-0516-46C2-B606-A36C109C5883}.Debug|iPhone.Deploy.0 = Debug|Any CPU
		{109EA10E-0516-46C2-B606-A36C109C5883}.Debug|iPhoneSimulator.ActiveCfg = Debug|Any CPU
		{109EA10E-0516-46C2-B606-A36C109C5883}.Debug|iPhoneSimulator.Build.0 = Debug|Any CPU
		{109EA10E-0516-46C2-B606-A36C109C5883}.Debug|iPhoneSimulator.Deploy.0 = Debug|Any CPU
		{109EA10E-0516-46C2-B606-A36C109C5883}.Debug|x64.ActiveCfg = Debug|Any CPU
		{109EA10E-0516-46C2-B606-A36C109C5883}.Debug|x64.Build.0 = Debug|Any CPU
		{109EA10E-0516-46C2-B606-A36C109C5883}.Debug|x64.Deploy.0 = Debug|Any CPU
		{109EA10E-0516-46C2-B606-A36C109C5883}.Debug|x86.ActiveCfg = Debug|Any CPU
		{109EA10E-0516-46C2-B606-A36C109C5883}.Debug|x86.Build.0 = Debug|Any CPU
		{109EA10E-0516-46C2-B606-A36C109C5883}.Debug|x86.Deploy.0 = Debug|Any CPU
		{109EA10E-0516-46C2-B606-A36C109C5883}.Release|Any CPU.ActiveCfg = Release|Any CPU
		{109EA10E-0516-46C2-B606-A36C109C5883}.Release|Any CPU.Build.0 = Release|Any CPU
		{109EA10E-0516-46C2-B606-A36C109C5883}.Release|Any CPU.Deploy.0 = Release|Any CPU
		{109EA10E-0516-46C2-B606-A36C109C5883}.Release|ARM.ActiveCfg = Release|Any CPU
		{109EA10E-0516-46C2-B606-A36C109C5883}.Release|ARM.Build.0 = Release|Any CPU
		{109EA10E-0516-46C2-B606-A36C109C5883}.Release|ARM.Deploy.0 = Release|Any CPU
		{109EA10E-0516-46C2-B606-A36C109C5883}.Release|iPhone.ActiveCfg = Release|Any CPU
		{109EA10E-0516-46C2-B606-A36C109C5883}.Release|iPhone.Build.0 = Release|Any CPU
		{109EA10E-0516-46C2-B606-A36C109C5883}.Release|iPhone.Deploy.0 = Release|Any CPU
		{109EA10E-0516-46C2-B606-A36C109C5883}.Release|iPhoneSimulator.ActiveCfg = Release|Any CPU
		{109EA10E-0516-46C2-B606-A36C109C5883}.Release|iPhoneSimulator.Build.0 = Release|Any CPU
		{109EA10E-0516-46C2-B606-A36C109C5883}.Release|iPhoneSimulator.Deploy.0 = Release|Any CPU
		{109EA10E-0516-46C2-B606-A36C109C5883}.Release|x64.ActiveCfg = Release|Any CPU
		{109EA10E-0516-46C2-B606-A36C109C5883}.Release|x64.Build.0 = Release|Any CPU
		{109EA10E-0516-46C2-B606-A36C109C5883}.Release|x64.Deploy.0 = Release|Any CPU
		{109EA10E-0516-46C2-B606-A36C109C5883}.Release|x86.ActiveCfg = Release|Any CPU
		{109EA10E-0516-46C2-B606-A36C109C5883}.Release|x86.Build.0 = Release|Any CPU
		{109EA10E-0516-46C2-B606-A36C109C5883}.Release|x86.Deploy.0 = Release|Any CPU
		{7D3B9A29-0C38-415D-9C1D-CFC7E726E93F}.Debug|Any CPU.ActiveCfg = Debug|iPhoneSimulator
		{7D3B9A29-0C38-415D-9C1D-CFC7E726E93F}.Debug|Any CPU.Build.0 = Debug|iPhoneSimulator
		{7D3B9A29-0C38-415D-9C1D-CFC7E726E93F}.Debug|Any CPU.Deploy.0 = Debug|iPhoneSimulator
		{7D3B9A29-0C38-415D-9C1D-CFC7E726E93F}.Debug|ARM.ActiveCfg = Debug|iPhoneSimulator
		{7D3B9A29-0C38-415D-9C1D-CFC7E726E93F}.Debug|ARM.Build.0 = Debug|iPhoneSimulator
		{7D3B9A29-0C38-415D-9C1D-CFC7E726E93F}.Debug|ARM.Deploy.0 = Debug|iPhoneSimulator
		{7D3B9A29-0C38-415D-9C1D-CFC7E726E93F}.Debug|iPhone.ActiveCfg = Debug|iPhone
		{7D3B9A29-0C38-415D-9C1D-CFC7E726E93F}.Debug|iPhone.Build.0 = Debug|iPhone
		{7D3B9A29-0C38-415D-9C1D-CFC7E726E93F}.Debug|iPhone.Deploy.0 = Debug|iPhone
		{7D3B9A29-0C38-415D-9C1D-CFC7E726E93F}.Debug|iPhoneSimulator.ActiveCfg = Debug|iPhoneSimulator
		{7D3B9A29-0C38-415D-9C1D-CFC7E726E93F}.Debug|iPhoneSimulator.Build.0 = Debug|iPhoneSimulator
		{7D3B9A29-0C38-415D-9C1D-CFC7E726E93F}.Debug|iPhoneSimulator.Deploy.0 = Debug|iPhoneSimulator
		{7D3B9A29-0C38-415D-9C1D-CFC7E726E93F}.Debug|x64.ActiveCfg = Debug|iPhone
		{7D3B9A29-0C38-415D-9C1D-CFC7E726E93F}.Debug|x64.Build.0 = Debug|iPhone
		{7D3B9A29-0C38-415D-9C1D-CFC7E726E93F}.Debug|x64.Deploy.0 = Debug|iPhone
		{7D3B9A29-0C38-415D-9C1D-CFC7E726E93F}.Debug|x86.ActiveCfg = Debug|iPhoneSimulator
		{7D3B9A29-0C38-415D-9C1D-CFC7E726E93F}.Debug|x86.Build.0 = Debug|iPhoneSimulator
		{7D3B9A29-0C38-415D-9C1D-CFC7E726E93F}.Debug|x86.Deploy.0 = Debug|iPhoneSimulator
		{7D3B9A29-0C38-415D-9C1D-CFC7E726E93F}.Release|Any CPU.ActiveCfg = Release|iPhoneSimulator
		{7D3B9A29-0C38-415D-9C1D-CFC7E726E93F}.Release|Any CPU.Build.0 = Release|iPhoneSimulator
		{7D3B9A29-0C38-415D-9C1D-CFC7E726E93F}.Release|Any CPU.Deploy.0 = Release|iPhoneSimulator
		{7D3B9A29-0C38-415D-9C1D-CFC7E726E93F}.Release|ARM.ActiveCfg = Release|iPhoneSimulator
		{7D3B9A29-0C38-415D-9C1D-CFC7E726E93F}.Release|ARM.Build.0 = Release|iPhoneSimulator
		{7D3B9A29-0C38-415D-9C1D-CFC7E726E93F}.Release|ARM.Deploy.0 = Release|iPhoneSimulator
		{7D3B9A29-0C38-415D-9C1D-CFC7E726E93F}.Release|iPhone.ActiveCfg = Release|iPhone
		{7D3B9A29-0C38-415D-9C1D-CFC7E726E93F}.Release|iPhone.Build.0 = Release|iPhone
		{7D3B9A29-0C38-415D-9C1D-CFC7E726E93F}.Release|iPhone.Deploy.0 = Release|iPhone
		{7D3B9A29-0C38-415D-9C1D-CFC7E726E93F}.Release|iPhoneSimulator.ActiveCfg = Release|iPhoneSimulator
		{7D3B9A29-0C38-415D-9C1D-CFC7E726E93F}.Release|iPhoneSimulator.Build.0 = Release|iPhoneSimulator
		{7D3B9A29-0C38-415D-9C1D-CFC7E726E93F}.Release|iPhoneSimulator.Deploy.0 = Release|iPhoneSimulator
		{7D3B9A29-0C38-415D-9C1D-CFC7E726E93F}.Release|x64.ActiveCfg = Release|iPhoneSimulator
		{7D3B9A29-0C38-415D-9C1D-CFC7E726E93F}.Release|x64.Build.0 = Release|iPhoneSimulator
		{7D3B9A29-0C38-415D-9C1D-CFC7E726E93F}.Release|x64.Deploy.0 = Release|iPhoneSimulator
		{7D3B9A29-0C38-415D-9C1D-CFC7E726E93F}.Release|x86.ActiveCfg = Release|iPhoneSimulator
		{7D3B9A29-0C38-415D-9C1D-CFC7E726E93F}.Release|x86.Build.0 = Release|iPhoneSimulator
		{7D3B9A29-0C38-415D-9C1D-CFC7E726E93F}.Release|x86.Deploy.0 = Release|iPhoneSimulator
		{55597E49-FE9B-416B-A628-C90B1953333D}.Debug|Any CPU.ActiveCfg = Debug|Any CPU
		{55597E49-FE9B-416B-A628-C90B1953333D}.Debug|Any CPU.Build.0 = Debug|Any CPU
		{55597E49-FE9B-416B-A628-C90B1953333D}.Debug|Any CPU.Deploy.0 = Debug|Any CPU
		{55597E49-FE9B-416B-A628-C90B1953333D}.Debug|ARM.ActiveCfg = Debug|Any CPU
		{55597E49-FE9B-416B-A628-C90B1953333D}.Debug|ARM.Build.0 = Debug|Any CPU
		{55597E49-FE9B-416B-A628-C90B1953333D}.Debug|ARM.Deploy.0 = Debug|Any CPU
		{55597E49-FE9B-416B-A628-C90B1953333D}.Debug|iPhone.ActiveCfg = Debug|Any CPU
		{55597E49-FE9B-416B-A628-C90B1953333D}.Debug|iPhone.Build.0 = Debug|Any CPU
		{55597E49-FE9B-416B-A628-C90B1953333D}.Debug|iPhone.Deploy.0 = Debug|Any CPU
		{55597E49-FE9B-416B-A628-C90B1953333D}.Debug|iPhoneSimulator.ActiveCfg = Debug|Any CPU
		{55597E49-FE9B-416B-A628-C90B1953333D}.Debug|iPhoneSimulator.Build.0 = Debug|Any CPU
		{55597E49-FE9B-416B-A628-C90B1953333D}.Debug|iPhoneSimulator.Deploy.0 = Debug|Any CPU
		{55597E49-FE9B-416B-A628-C90B1953333D}.Debug|x64.ActiveCfg = Debug|Any CPU
		{55597E49-FE9B-416B-A628-C90B1953333D}.Debug|x64.Build.0 = Debug|Any CPU
		{55597E49-FE9B-416B-A628-C90B1953333D}.Debug|x64.Deploy.0 = Debug|Any CPU
		{55597E49-FE9B-416B-A628-C90B1953333D}.Debug|x86.ActiveCfg = Debug|Any CPU
		{55597E49-FE9B-416B-A628-C90B1953333D}.Debug|x86.Build.0 = Debug|Any CPU
		{55597E49-FE9B-416B-A628-C90B1953333D}.Debug|x86.Deploy.0 = Debug|Any CPU
		{55597E49-FE9B-416B-A628-C90B1953333D}.Release|Any CPU.ActiveCfg = Release|Any CPU
		{55597E49-FE9B-416B-A628-C90B1953333D}.Release|Any CPU.Build.0 = Release|Any CPU
		{55597E49-FE9B-416B-A628-C90B1953333D}.Release|Any CPU.Deploy.0 = Release|Any CPU
		{55597E49-FE9B-416B-A628-C90B1953333D}.Release|ARM.ActiveCfg = Release|Any CPU
		{55597E49-FE9B-416B-A628-C90B1953333D}.Release|ARM.Build.0 = Release|Any CPU
		{55597E49-FE9B-416B-A628-C90B1953333D}.Release|ARM.Deploy.0 = Release|Any CPU
		{55597E49-FE9B-416B-A628-C90B1953333D}.Release|iPhone.ActiveCfg = Release|Any CPU
		{55597E49-FE9B-416B-A628-C90B1953333D}.Release|iPhone.Build.0 = Release|Any CPU
		{55597E49-FE9B-416B-A628-C90B1953333D}.Release|iPhone.Deploy.0 = Release|Any CPU
		{55597E49-FE9B-416B-A628-C90B1953333D}.Release|iPhoneSimulator.ActiveCfg = Release|Any CPU
		{55597E49-FE9B-416B-A628-C90B1953333D}.Release|iPhoneSimulator.Build.0 = Release|Any CPU
		{55597E49-FE9B-416B-A628-C90B1953333D}.Release|iPhoneSimulator.Deploy.0 = Release|Any CPU
		{55597E49-FE9B-416B-A628-C90B1953333D}.Release|x64.ActiveCfg = Release|Any CPU
		{55597E49-FE9B-416B-A628-C90B1953333D}.Release|x64.Build.0 = Release|Any CPU
		{55597E49-FE9B-416B-A628-C90B1953333D}.Release|x64.Deploy.0 = Release|Any CPU
		{55597E49-FE9B-416B-A628-C90B1953333D}.Release|x86.ActiveCfg = Release|Any CPU
		{55597E49-FE9B-416B-A628-C90B1953333D}.Release|x86.Build.0 = Release|Any CPU
		{55597E49-FE9B-416B-A628-C90B1953333D}.Release|x86.Deploy.0 = Release|Any CPU
	EndGlobalSection
	GlobalSection(SolutionProperties) = preSolution
		HideSolutionNode = FALSE
	EndGlobalSection
	GlobalSection(ExtensibilityGlobals) = postSolution
		SolutionGuid = {433AB8F8-8912-47EE-9761-45C10FE90FB6}
	EndGlobalSection
EndGlobal
